
Microsoft Visual Studio Solution File, Format Version 12.00
# Visual Studio Version 17
VisualStudioVersion = 17.11.35312.102
MinimumVisualStudioVersion = 10.0.40219.1
Project("{8BC9CEB8-8B4A-11D0-8D11-00A0C91BC942}") = "CS31131-project-2-pong-clone", "CS31131-project-2-pong-clone\CS31131-project-2-pong-clone.vcxproj", "{6EE43FDE-5B79-45E8-A2AB-BA2BD9020464}"
EndProject
Global
	GlobalSection(SolutionConfigurationPlatforms) = preSolution
		Debug|x64 = Debug|x64
		Debug|x86 = Debug|x86
		Release|x64 = Release|x64
		Release|x86 = Release|x86
	EndGlobalSection
	GlobalSection(ProjectConfigurationPlatforms) = postSolution
		{6EE43FDE-5B79-45E8-A2AB-BA2BD9020464}.Debug|x64.ActiveCfg = Debug|x64
		{6EE43FDE-5B79-45E8-A2AB-BA2BD9020464}.Debug|x64.Build.0 = Debug|x64
		{6EE43FDE-5B79-45E8-A2AB-BA2BD9020464}.Debug|x86.ActiveCfg = Debug|Win32
		{6EE43FDE-5B79-45E8-A2AB-BA2BD9020464}.Debug|x86.Build.0 = Debug|Win32
		{6EE43FDE-5B79-45E8-A2AB-BA2BD9020464}.Release|x64.ActiveCfg = Release|x64
		{6EE43FDE-5B79-45E8-A2AB-BA2BD9020464}.Release|x64.Build.0 = Release|x64
		{6EE43FDE-5B79-45E8-A2AB-BA2BD9020464}.Release|x86.ActiveCfg = Release|Win32
		{6EE43FDE-5B79-45E8-A2AB-BA2BD9020464}.Release|x86.Build.0 = Release|Win32
	EndGlobalSection
	GlobalSection(SolutionProperties) = preSolution
		HideSolutionNode = FALSE
	EndGlobalSection
	GlobalSection(ExtensibilityGlobals) = postSolution
		SolutionGuid = {24C04B3C-CBD1-4464-A762-D3638BA8E434}
	EndGlobalSection
EndGlobal
